{
  "name": "loreco",
  "version": "0.1.0",
  "lockfileVersion": 1,
  "requires": true,
  "dependencies": {
    "@rails/actioncable": {
      "version": "6.1.4",
      "resolved": "https://repo.huaweicloud.com/repository/npm/@rails/actioncable/-/actioncable-6.1.4.tgz",
      "integrity": "sha512-0LmSKJTuo2dL6BQ+9xxLnS9lbkyfz2mBGeBnQ2J7o9Bn0l0q+ZC6VuoZMZZXPvABI4QT7Nfknv5WhfKYL+boew=="
    },
    "@rails/activestorage": {
      "version": "6.1.4",
      "resolved": "https://repo.huaweicloud.com/repository/npm/@rails/activestorage/-/activestorage-6.1.4.tgz",
      "integrity": "sha512-1Tm8uaVBhLTDEG4YaFPvqguhjbUGSPVItm0CfkRpIFZIkybWzFAxatIrk4YVOOxB8ZdXS7GdeYa1qVwjdiDkgQ==",
      "requires": {
        "spark-md5": "^3.0.0"
      }
    },
    "@rails/ujs": {
      "version": "6.1.4",
      "resolved": "https://repo.huaweicloud.com/repository/npm/@rails/ujs/-/ujs-6.1.4.tgz",
      "integrity": "sha512-O3lEzL5DYbxppMdsFSw36e4BHIlfz/xusynwXGv3l2lhSlvah41qviRpsoAlKXxl37nZAqK+UUF5cnGGK45Mfw=="
    },
    "bootstrap-icons": {
      "version": "1.8.1",
      "resolved": "https://repo.huaweicloud.com/repository/npm/bootstrap-icons/-/bootstrap-icons-1.8.1.tgz",
      "integrity": "sha512-IXUqislddPJfwq6H+2nTkHyr9epO9h6u1AG0OZCx616w+TgzeoCjfmI3qJMQqt1J586gN2IxzB4M99Ip4sTZ1w=="
    },
    "jquery.iframetracker": {
      "version": "2.1.0",
      "resolved": "https://repo.huaweicloud.com/repository/npm/jquery.iframetracker/-/jquery.iframetracker-2.1.0.tgz",
      "integrity": "sha512-GvaPCBv8Gvjx97HTGdYubVL9zXdDzCJRUN4270cZ6B6ITIX6XiyxoiYsJpHxW/mzwgcYMQstZUgcmTGce1EklQ=="
    },
    "spark-md5": {
      "version": "3.0.2",
      "resolved": "https://repo.huaweicloud.com/repository/npm/spark-md5/-/spark-md5-3.0.2.tgz",
      "integrity": "sha512-wcFzz9cDfbuqe0FZzfi2or1sgyIrsDwmPwfZC4hiNidPdPINjeUwNfv5kldczoEAcjl9Y1L3SM7Uz2PUEQzxQw=="
    },
    "turbolinks": {
      "version": "5.2.0",
      "resolved": "https://repo.huaweicloud.com/repository/npm/turbolinks/-/turbolinks-5.2.0.tgz",
      "integrity": "sha512-pMiez3tyBo6uRHFNNZoYMmrES/IaGgMhQQM+VFF36keryjb5ms0XkVpmKHkfW/4Vy96qiGW3K9bz0tF5sK9bBw=="
    }
  }
}
