{
  "name": "loreco",
  "version": "0.1.0",
  "lockfileVersion": 1,
  "requires": true,
  "dependencies": {
    "@rails/actioncable": {
      "version": "6.1.4"
    },
    "@rails/activestorage": {
      "version": "6.1.4",
      "requires": {
        "spark-md5": "^3.0.0"
      }
    },
    "@rails/ujs": {
      "version": "6.1.4"
    },
    "bootstrap-icons": {
      "version": "1.8.1",
      "resolved": "https://repo.huaweicloud.com/repository/npm/bootstrap-icons/-/bootstrap-icons-1.8.1.tgz",
      "integrity": "sha512-IXUqislddPJfwq6H+2nTkHyr9epO9h6u1AG0OZCx616w+TgzeoCjfmI3qJMQqt1J586gN2IxzB4M99Ip4sTZ1w=="
    },
    "spark-md5": {
      "version": "3.0.2",
      "resolved": "https://repo.huaweicloud.com/repository/npm/spark-md5/-/spark-md5-3.0.2.tgz",
      "integrity": "sha512-wcFzz9cDfbuqe0FZzfi2or1sgyIrsDwmPwfZC4hiNidPdPINjeUwNfv5kldczoEAcjl9Y1L3SM7Uz2PUEQzxQw=="
    },
    "turbolinks": {
      "version": "5.2.0"
    }
  }
}
